<?xml version="1.0" encoding="utf-8"?>
<Project ToolsVersion="4.0" xmlns="http://schemas.microsoft.com/developer/msbuild/2003">
  <ItemGroup>
    <Filter Include="Quelldateien">
      <UniqueIdentifier>{4FC737F1-C7A5-4376-A066-2A32D752A2FF}</UniqueIdentifier>
      <Extensions>cpp;c;cc;cxx;def;odl;idl;hpj;bat;asm;asmx</Extensions>
    </Filter>
    <Filter Include="Headerdateien">
      <UniqueIdentifier>{93995380-89BD-4b04-88EB-625FBE52EBFB}</UniqueIdentifier>
      <Extensions>h;hh;hpp;hxx;hm;inl;inc;xsd</Extensions>
    </Filter>
    <Filter Include="Ressourcendateien">
      <UniqueIdentifier>{67DA6AB6-F800-4c08-8B7A-83BB121AAD01}</UniqueIdentifier>
      <Extensions>rc;ico;cur;bmp;dlg;rc2;rct;bin;rgs;gif;jpg;jpeg;jpe;resx;tiff;tif;png;wav;mfcribbon-ms</Extensions>
    </Filter>
    <Filter Include="Headerdateien\GUI">
      <UniqueIdentifier>{a05bd7a4-8403-42bd-9073-3eee0e27f6db}</UniqueIdentifier>
    </Filter>
    <Filter Include="Quelldateien\GUI">
      <UniqueIdentifier>{4a8e9b5a-4e48-4522-87d1-adac5ea1c814}</UniqueIdentifier>
    </Filter>
    <Filter Include="Headerdateien\Locator">
      <UniqueIdentifier>{39e6674f-ca2f-4c90-a723-565d0e6ea941}</UniqueIdentifier>
    </Filter>
    <Filter Include="Quelldateien\Locator">
      <UniqueIdentifier>{45a8fbc8-5a0b-4fb6-a970-ee1ba287ae70}</UniqueIdentifier>
    </Filter>
  </ItemGroup>
  <ItemGroup>
    <ClInclude Include="Game.h">
      <Filter>Headerdateien</Filter>
    </ClInclude>
    <ClInclude Include="Map.h">
      <Filter>Headerdateien</Filter>
    </ClInclude>
    <ClInclude Include="GameEntity.h">
      <Filter>Headerdateien</Filter>
    </ClInclude>
    <ClInclude Include="GraphicBreaker.h">
      <Filter>Headerdateien</Filter>
    </ClInclude>
    <ClInclude Include="GameState.h">
      <Filter>Headerdateien</Filter>
    </ClInclude>
    <ClInclude Include="InitState.h">
      <Filter>Headerdateien</Filter>
    </ClInclude>
    <ClInclude Include="MainMenuState.h">
      <Filter>Headerdateien</Filter>
    </ClInclude>
    <ClInclude Include="preGameState.h">
      <Filter>Headerdateien</Filter>
    </ClInclude>
    <ClInclude Include="SettingsState.h">
      <Filter>Headerdateien</Filter>
    </ClInclude>
    <ClInclude Include="EndState.h">
      <Filter>Headerdateien</Filter>
    </ClInclude>
    <ClInclude Include="sfButton.h">
      <Filter>Headerdateien\GUI</Filter>
    </ClInclude>
    <ClInclude Include="sfGUIElement.h">
      <Filter>Headerdateien\GUI</Filter>
    </ClInclude>
    <ClInclude Include="Locator.h">
      <Filter>Headerdateien\Locator</Filter>
    </ClInclude>
    <ClInclude Include="NullGraphics.h">
      <Filter>Headerdateien\Locator</Filter>
    </ClInclude>
    <ClInclude Include="SFMLGraphics.h">
      <Filter>Headerdateien\Locator</Filter>
    </ClInclude>
    <ClInclude Include="Graphics.h">
      <Filter>Headerdateien\Locator</Filter>
    </ClInclude>
    <ClInclude Include="Input.h">
      <Filter>Headerdateien\Locator</Filter>
    </ClInclude>
    <ClInclude Include="NullInput.h">
      <Filter>Headerdateien\Locator</Filter>
    </ClInclude>
    <ClInclude Include="SFMLInput.h">
      <Filter>Headerdateien\Locator</Filter>
    </ClInclude>
    <ClInclude Include="Resources.h">
      <Filter>Headerdateien\Locator</Filter>
    </ClInclude>
    <ClInclude Include="MainGameState.h">
      <Filter>Headerdateien</Filter>
    </ClInclude>
    <ClInclude Include="Tilemap.h">
      <Filter>Headerdateien</Filter>
    </ClInclude>
  </ItemGroup>
  <ItemGroup>
    <ClCompile Include="Game.cpp">
      <Filter>Quelldateien</Filter>
    </ClCompile>
    <ClCompile Include="Map.cpp">
      <Filter>Quelldateien</Filter>
    </ClCompile>
    <ClCompile Include="GameEntity.cpp">
      <Filter>Quelldateien</Filter>
    </ClCompile>
    <ClCompile Include="GraphicBreaker.cpp">
      <Filter>Quelldateien</Filter>
    </ClCompile>
    <ClCompile Include="InitState.cpp">
      <Filter>Quelldateien</Filter>
    </ClCompile>
    <ClCompile Include="MainMenuState.cpp">
      <Filter>Quelldateien</Filter>
    </ClCompile>
    <ClCompile Include="main.cpp">
      <Filter>Quelldateien</Filter>
    </ClCompile>
    <ClCompile Include="preGameState.cpp">
      <Filter>Quelldateien</Filter>
    </ClCompile>
    <ClCompile Include="SettingsState.cpp">
      <Filter>Quelldateien</Filter>
    </ClCompile>
    <ClCompile Include="EndState.cpp">
      <Filter>Quelldateien</Filter>
    </ClCompile>
    <ClCompile Include="sfButton.cpp">
      <Filter>Quelldateien\GUI</Filter>
    </ClCompile>
    <ClCompile Include="Locator.cpp">
      <Filter>Quelldateien\Locator</Filter>
    </ClCompile>
    <ClCompile Include="SFMLGraphics.cpp">
      <Filter>Quelldateien\Locator</Filter>
    </ClCompile>
    <ClCompile Include="SFMLInput.cpp">
      <Filter>Quelldateien\Locator</Filter>
    </ClCompile>
    <ClCompile Include="Resources.cpp">
      <Filter>Quelldateien</Filter>
    </ClCompile>
    <ClCompile Include="MainGameState.cpp">
      <Filter>Quelldateien</Filter>
    </ClCompile>
  </ItemGroup>
</Project>